
Microsoft Visual Studio Solution File, Format Version 12.00
Project("{FAE04EC0-301F-11D3-BF4B-00C04F79EFBC}") = "PlusForward.Backend", "PlusForward.Backend\PlusForward.Backend.csproj", "{AE5FE21A-07A6-44DC-A68C-D9138DC4D1A6}"
EndProject
Global
	GlobalSection(SolutionConfigurationPlatforms) = preSolution
		Debug|Any CPU = Debug|Any CPU
		Release|Any CPU = Release|Any CPU
	EndGlobalSection
	GlobalSection(ProjectConfigurationPlatforms) = postSolution
		{AE5FE21A-07A6-44DC-A68C-D9138DC4D1A6}.Debug|Any CPU.ActiveCfg = Debug|Any CPU
		{AE5FE21A-07A6-44DC-A68C-D9138DC4D1A6}.Debug|Any CPU.Build.0 = Debug|Any CPU
		{AE5FE21A-07A6-44DC-A68C-D9138DC4D1A6}.Release|Any CPU.ActiveCfg = Release|Any CPU
		{AE5FE21A-07A6-44DC-A68C-D9138DC4D1A6}.Release|Any CPU.Build.0 = Release|Any CPU
	EndGlobalSection
EndGlobal
